{
  "name": "@tenet/tenet",
  "lockfileVersion": 3,
  "requires": true,
  "packages": {
    "": {
      "name": "@tenet/tenet",
      "dependencies": {
        "prettier": "^3.3.3"
      },
      "devDependencies": {
        "turbo": "latest"
      },
      "engines": {
        "node": ">=18"
      }
    },
    "node_modules/prettier": {
      "version": "3.3.3",
      "resolved": "https://registry.npmjs.org/prettier/-/prettier-3.3.3.tgz",
      "integrity": "sha512-i2tDNA0O5IrMO757lfrdQZCc2jPNDVntV0m/+4whiDfWaTKfMNgR7Qz0NAeGz/nRqF4m5/6CLzbP4/liHt12Ew==",
      "bin": {
        "prettier": "bin/prettier.cjs"
      },
      "engines": {
        "node": ">=14"
      },
      "funding": {
        "url": "https://github.com/prettier/prettier?sponsor=1"
      }
    },
    "node_modules/turbo": {
      "version": "2.0.14",
      "resolved": "https://registry.npmjs.org/turbo/-/turbo-2.0.14.tgz",
      "integrity": "sha512-00JjdCMD/cpsjP0Izkjcm8Oaor5yUCfDwODtaLb+WyblyadkaDEisGhy3Dbd5az9n+5iLSPiUgf+WjPbns6MRg==",
      "dev": true,
      "bin": {
        "turbo": "bin/turbo"
      },
      "optionalDependencies": {
        "turbo-darwin-64": "2.0.14",
        "turbo-darwin-arm64": "2.0.14",
        "turbo-linux-64": "2.0.14",
        "turbo-linux-arm64": "2.0.14",
        "turbo-windows-64": "2.0.14",
        "turbo-windows-arm64": "2.0.14"
      }
    },
    "node_modules/turbo-darwin-64": {
      "version": "2.0.14",
      "resolved": "https://registry.npmjs.org/turbo-darwin-64/-/turbo-darwin-64-2.0.14.tgz",
      "integrity": "sha512-kwfDmjNwlNfvtrvT29+ZBg5n1Wvxl891bFHchMJyzMoR0HOE9N1NSNdSZb9wG3e7sYNIu4uDkNk+VBEqJW0HzQ==",
      "cpu": [
        "x64"
      ],
      "dev": true,
      "optional": true,
      "os": [
        "darwin"
      ]
    },
    "node_modules/turbo-darwin-arm64": {
      "version": "2.0.14",
      "resolved": "https://registry.npmjs.org/turbo-darwin-arm64/-/turbo-darwin-arm64-2.0.14.tgz",
      "integrity": "sha512-m3LXYEshCx3wc4ZClM6gb01KYpFmtjQ9IBF3A7ofjb6ahux3xlYZJZ3uFCLAGHuvGLuJ3htfiPbwlDPTdknqqw==",
      "cpu": [
        "arm64"
      ],
      "dev": true,
      "optional": true,
      "os": [
        "darwin"
      ]
    },
    "node_modules/turbo-linux-64": {
      "version": "2.0.14",
      "resolved": "https://registry.npmjs.org/turbo-linux-64/-/turbo-linux-64-2.0.14.tgz",
      "integrity": "sha512-7vBzCPdoTtR92SNn2JMgj1FlMmyonGmpMaQdgAB1OVYtuQ6NVGoh7/lODfaILqXjpvmFSVbpBIDrKOT6EvcprQ==",
      "cpu": [
        "x64"
      ],
      "dev": true,
      "optional": true,
      "os": [
        "linux"
      ]
    },
    "node_modules/turbo-linux-arm64": {
      "version": "2.0.14",
      "resolved": "https://registry.npmjs.org/turbo-linux-arm64/-/turbo-linux-arm64-2.0.14.tgz",
      "integrity": "sha512-jwH+c0bfjpBf26K/tdEFatmnYyXwGROjbr6bZmNcL8R+IkGAc/cglL+OToqJnQZTgZvH7uDGbeSyUo7IsHyjuA==",
      "cpu": [
        "arm64"
      ],
      "dev": true,
      "optional": true,
      "os": [
        "linux"
      ]
    },
    "node_modules/turbo-windows-64": {
      "version": "2.0.14",
      "resolved": "https://registry.npmjs.org/turbo-windows-64/-/turbo-windows-64-2.0.14.tgz",
      "integrity": "sha512-w9/XwkHSzvLjmioo6cl3S1yRfI6swxsV1j1eJwtl66JM4/pn0H2rBa855R0n7hZnmI6H5ywLt/nLt6Ae8RTDmw==",
      "cpu": [
        "x64"
      ],
      "dev": true,
      "optional": true,
      "os": [
        "win32"
      ]
    },
    "node_modules/turbo-windows-arm64": {
      "version": "2.0.14",
      "resolved": "https://registry.npmjs.org/turbo-windows-arm64/-/turbo-windows-arm64-2.0.14.tgz",
      "integrity": "sha512-XaQlyYk+Rf4xS5XWCo8XCMIpssgGGy8blzLfolN6YBp4baElIWMlkLZHDbGyiFmCbNf9I9gJI64XGRG+LVyyjA==",
      "cpu": [
        "arm64"
      ],
      "dev": true,
      "optional": true,
      "os": [
        "win32"
      ]
    }
  }
}
