
Microsoft Visual Studio Solution File, Format Version 12.00
# Visual Studio Version 17
VisualStudioVersion = 17.0.31903.59
MinimumVisualStudioVersion = 10.0.40219.1
Project("{2150E333-8FDC-42A3-9474-1A3956D46DE8}") = "apps", "apps", "{9607120D-0D79-4113-A465-59A80A75CB15}"
EndProject
Project("{F2A71F9B-5D33-465A-A702-920D77279786}") = "grandeomega2", "apps\grandeomega2\grandeomega2.fsproj", "{F5BDD5D6-F85F-4412-B7B6-305E74023FC0}"
EndProject
Global
	GlobalSection(SolutionConfigurationPlatforms) = preSolution
		Debug|Any CPU = Debug|Any CPU
		Release|Any CPU = Release|Any CPU
	EndGlobalSection
	GlobalSection(SolutionProperties) = preSolution
		HideSolutionNode = FALSE
	EndGlobalSection
	GlobalSection(ProjectConfigurationPlatforms) = postSolution
		{F5BDD5D6-F85F-4412-B7B6-305E74023FC0}.Debug|Any CPU.ActiveCfg = Debug|Any CPU
		{F5BDD5D6-F85F-4412-B7B6-305E74023FC0}.Debug|Any CPU.Build.0 = Debug|Any CPU
		{F5BDD5D6-F85F-4412-B7B6-305E74023FC0}.Release|Any CPU.ActiveCfg = Release|Any CPU
		{F5BDD5D6-F85F-4412-B7B6-305E74023FC0}.Release|Any CPU.Build.0 = Release|Any CPU
	EndGlobalSection
	GlobalSection(NestedProjects) = preSolution
		{F5BDD5D6-F85F-4412-B7B6-305E74023FC0} = {9607120D-0D79-4113-A465-59A80A75CB15}
	EndGlobalSection
EndGlobal
