{
  "version": 1,
  "dependencies": {
    "net9.0": {
      "BCrypt.Net-Next": {
        "type": "Direct",
        "requested": "[4.0.3, )",
        "resolved": "4.0.3",
        "contentHash": "W+U9WvmZQgi5cX6FS5GDtDoPzUCV4LkBLkywq/kRZhuDwcbavOzcDAr3LXJFqHUi952Yj3LEYoWW0jbEUQChsA=="
      },
      "FSharp.Core": {
        "type": "Direct",
        "requested": "[9.0.100, )",
        "resolved": "9.0.100",
        "contentHash": "mxur4yR9M22kznD8JLl/IfPTiX9YMCnS7d9kh2vecgfW92OGhkeBxZ53U5nlECilD+4fF8Wb3eTunORARbOsTw=="
      },
      "FSharp.Data": {
        "type": "Transitive",
        "resolved": "6.4.1",
        "contentHash": "P/ShAsNsuKrV9cpK7Mb/fSJ/kpinjOnVGRDXDzi/dYECS/lmlDrAvNVlodPbqCo5hIXvMMkKMc5C4f8ULLW7JQ==",
        "dependencies": {
          "FSharp.Core": "6.0.1",
          "FSharp.Data.Csv.Core": "6.4.1",
          "FSharp.Data.Html.Core": "6.4.1",
          "FSharp.Data.Http": "6.4.1",
          "FSharp.Data.Json.Core": "6.4.1",
          "FSharp.Data.Runtime.Utilities": "6.4.1",
          "FSharp.Data.WorldBank.Core": "6.4.1",
          "FSharp.Data.Xml.Core": "6.4.1"
        }
      },
      "FSharp.Data.Csv.Core": {
        "type": "Transitive",
        "resolved": "6.4.1",
        "contentHash": "/RmEq3HSafm4RPAPATDsDTY0aAkJ8ioDDJ0Qf/NuJW7c7/CC3xeU0XC3sHmDkp9v98aeQOSJdTa+NJrMTHzT7g==",
        "dependencies": {
          "FSharp.Core": "6.0.1",
          "FSharp.Data.Runtime.Utilities": "6.4.1"
        }
      },
      "FSharp.Data.Html.Core": {
        "type": "Transitive",
        "resolved": "6.4.1",
        "contentHash": "/T7k5FkR8nRJ3fZ8Bfaf/c9eda2ru0xCIbM+i2Qt/PgtHp2d1ZmDvQIWbYfDLWVcKjRVu/YpRYOw/2fX0RT8ew==",
        "dependencies": {
          "FSharp.Core": "6.0.1",
          "FSharp.Data.Csv.Core": "6.4.1",
          "FSharp.Data.Runtime.Utilities": "6.4.1"
        }
      },
      "FSharp.Data.Http": {
        "type": "Transitive",
        "resolved": "6.4.1",
        "contentHash": "7KxlBNwnSIiR1nsPal2ofmgU4Rag8dyDJ+cziW1L9Z+iA55aXeXO/RapQDnyVIwl/Fbm1scGAuSTWP36JNpQFg==",
        "dependencies": {
          "FSharp.Core": "6.0.1"
        }
      },
      "FSharp.Data.Json.Core": {
        "type": "Transitive",
        "resolved": "6.4.1",
        "contentHash": "mUyqLZiI0XPEiE9FIJLJ3Ndof4hEc2paW049Cw224knmp/b0brMwznLaOqtlmCr49QCELj0tcT0ZCKfb2cFS0g==",
        "dependencies": {
          "FSharp.Core": "6.0.1",
          "FSharp.Data.Http": "6.4.1",
          "FSharp.Data.Runtime.Utilities": "6.4.1"
        }
      },
      "FSharp.Data.Runtime.Utilities": {
        "type": "Transitive",
        "resolved": "6.4.1",
        "contentHash": "pG4X3QWilYMF3qjZWpod6QgO38uiYUM3/bkEsEyT69E3zAlFQFO9uUy0tqEhDznHvNx4QtZaScUM+06r94HHnQ==",
        "dependencies": {
          "FSharp.Core": "6.0.1",
          "FSharp.Data.Http": "6.4.1"
        }
      },
      "FSharp.Data.WorldBank.Core": {
        "type": "Transitive",
        "resolved": "6.4.1",
        "contentHash": "opXr3YMArDQCiA1nkEnhSf1s6E0QsotO0VZ5nvQcMXmDuDU4IA1i1DlYp4QVmCXRKj5EHPKMwZkTVNeQDuZ5Bg==",
        "dependencies": {
          "FSharp.Core": "6.0.1",
          "FSharp.Data.Http": "6.4.1",
          "FSharp.Data.Json.Core": "6.4.1",
          "FSharp.Data.Runtime.Utilities": "6.4.1"
        }
      },
      "FSharp.Data.Xml.Core": {
        "type": "Transitive",
        "resolved": "6.4.1",
        "contentHash": "TprbqQu+DdrR6Kl5biNCAsM8yeQs+pgqRpQYDorbbFIroGw1LBMoX+1iiigJcK89TwJAtiEzVrZCQzHvCDrCbA==",
        "dependencies": {
          "FSharp.Core": "6.0.1",
          "FSharp.Data.Http": "6.4.1",
          "FSharp.Data.Json.Core": "6.4.1",
          "FSharp.Data.Runtime.Utilities": "6.4.1"
        }
      },
      "FSharp.SystemTextJson": {
        "type": "Transitive",
        "resolved": "1.3.13",
        "contentHash": "znp8odpdkVGKVX0AvbhiXdmeMi0KJ+A4AyAQWSkfAEAe4Z4clRE+rVhrLnAGrFD1VEIUX2lsQ4o84ywpWZUSGw==",
        "dependencies": {
          "FSharp.Core": "4.7.0",
          "System.Text.Json": "6.0.0"
        }
      },
      "Microsoft.EntityFrameworkCore": {
        "type": "Transitive",
        "resolved": "9.0.0",
        "contentHash": "wpG+nfnfDAw87R3ovAsUmjr3MZ4tYXf6bFqEPVAIKE6IfPml3DS//iX0DBnf8kWn5ZHSO5oi1m4d/Jf+1LifJQ==",
        "dependencies": {
          "Microsoft.EntityFrameworkCore.Abstractions": "9.0.0",
          "Microsoft.EntityFrameworkCore.Analyzers": "9.0.0",
          "Microsoft.Extensions.Caching.Memory": "9.0.0",
          "Microsoft.Extensions.Logging": "9.0.0"
        }
      },
      "Microsoft.EntityFrameworkCore.Abstractions": {
        "type": "Transitive",
        "resolved": "9.0.0",
        "contentHash": "fnmifFL8KaA4ZNLCVgfjCWhZUFxkrDInx5hR4qG7Q8IEaSiy/6VOSRFyx55oH7MV4y7wM3J3EE90nSpcVBI44Q=="
      },
      "Microsoft.EntityFrameworkCore.Analyzers": {
        "type": "Transitive",
        "resolved": "9.0.0",
        "contentHash": "Qje+DzXJOKiXF72SL0XxNlDtTkvWWvmwknuZtFahY5hIQpRKO59qnGuERIQ3qlzuq5x4bAJ8WMbgU5DLhBgeOQ=="
      },
      "Microsoft.Extensions.Caching.Abstractions": {
        "type": "Transitive",
        "resolved": "9.0.0",
        "contentHash": "FPWZAa9c0H4dvOj351iR1jkUIs4u9ykL4Bm592yhjDyO5lCoWd+TMAHx2EMbarzUvCvgjWjJIoC6//Q9kH6YhA==",
        "dependencies": {
          "Microsoft.Extensions.Primitives": "9.0.0"
        }
      },
      "Microsoft.Extensions.Caching.Memory": {
        "type": "Transitive",
        "resolved": "9.0.0",
        "contentHash": "zbnPX/JQ0pETRSUG9fNPBvpIq42Aufvs15gGYyNIMhCun9yhmWihz0WgsI7bSDPjxWTKBf8oX/zv6v2uZ3W9OQ==",
        "dependencies": {
          "Microsoft.Extensions.Caching.Abstractions": "9.0.0",
          "Microsoft.Extensions.DependencyInjection.Abstractions": "9.0.0",
          "Microsoft.Extensions.Logging.Abstractions": "9.0.0",
          "Microsoft.Extensions.Options": "9.0.0",
          "Microsoft.Extensions.Primitives": "9.0.0"
        }
      },
      "Microsoft.Extensions.DependencyInjection": {
        "type": "Transitive",
        "resolved": "9.0.0",
        "contentHash": "MCPrg7v3QgNMr0vX4vzRXvkNGgLg8vKWX0nKCWUxu2uPyMsaRgiRc1tHBnbTcfJMhMKj2slE/j2M9oGkd25DNw==",
        "dependencies": {
          "Microsoft.Extensions.DependencyInjection.Abstractions": "9.0.0"
        }
      },
      "Microsoft.Extensions.DependencyInjection.Abstractions": {
        "type": "Transitive",
        "resolved": "9.0.0",
        "contentHash": "+6f2qv2a3dLwd5w6JanPIPs47CxRbnk+ZocMJUhv9NxP88VlOcJYZs9jY+MYSjxvady08bUZn6qgiNh7DadGgg=="
      },
      "Microsoft.Extensions.Logging": {
        "type": "Transitive",
        "resolved": "9.0.0",
        "contentHash": "crjWyORoug0kK7RSNJBTeSE6VX8IQgLf3nUpTB9m62bPXp/tzbnOsnbe8TXEG0AASNaKZddnpHKw7fET8E++Pg==",
        "dependencies": {
          "Microsoft.Extensions.DependencyInjection": "9.0.0",
          "Microsoft.Extensions.Logging.Abstractions": "9.0.0",
          "Microsoft.Extensions.Options": "9.0.0"
        }
      },
      "Microsoft.Extensions.Logging.Abstractions": {
        "type": "Transitive",
        "resolved": "9.0.0",
        "contentHash": "g0UfujELzlLbHoVG8kPKVBaW470Ewi+jnptGS9KUi6jcb+k2StujtK3m26DFSGGwQ/+bVgZfsWqNzlP6YOejvw==",
        "dependencies": {
          "Microsoft.Extensions.DependencyInjection.Abstractions": "9.0.0"
        }
      },
      "Microsoft.Extensions.Options": {
        "type": "Transitive",
        "resolved": "9.0.0",
        "contentHash": "y2146b3jrPI3Q0lokKXdKLpmXqakYbDIPDV6r3M8SqvSf45WwOTzkyfDpxnZXJsJQEpAsAqjUq5Pu8RCJMjubg==",
        "dependencies": {
          "Microsoft.Extensions.DependencyInjection.Abstractions": "9.0.0",
          "Microsoft.Extensions.Primitives": "9.0.0"
        }
      },
      "Microsoft.Extensions.Primitives": {
        "type": "Transitive",
        "resolved": "9.0.0",
        "contentHash": "N3qEBzmLMYiASUlKxxFIISP4AiwuPTHF5uCh+2CWSwwzAJiIYx0kBJsS30cp1nvhSySFAVi30jecD307jV+8Kg=="
      },
      "System.Runtime.CompilerServices.Unsafe": {
        "type": "Transitive",
        "resolved": "6.0.0",
        "contentHash": "/iUeP3tq1S0XdNNoMz5C9twLSrM/TH+qElHkXWaPvuNOt+99G75NrV0OS2EqHx5wMN7popYjpc8oTjC1y16DLg=="
      },
      "System.Text.Encodings.Web": {
        "type": "Transitive",
        "resolved": "6.0.0",
        "contentHash": "Vg8eB5Tawm1IFqj4TVK1czJX89rhFxJo9ELqc/Eiq0eXy13RK00eubyU6TJE6y+GQXjyV5gSfiewDUZjQgSE0w==",
        "dependencies": {
          "System.Runtime.CompilerServices.Unsafe": "6.0.0"
        }
      },
      "System.Text.Json": {
        "type": "Transitive",
        "resolved": "6.0.0",
        "contentHash": "zaJsHfESQvJ11vbXnNlkrR46IaMULk/gHxYsJphzSF+07kTjPHv+Oc14w6QEOfo3Q4hqLJgStUaYB9DBl0TmWg==",
        "dependencies": {
          "System.Runtime.CompilerServices.Unsafe": "6.0.0",
          "System.Text.Encodings.Web": "6.0.0"
        }
      },
      "ballerina-core": {
        "type": "Project",
        "dependencies": {
          "FSharp.Core": "[9.0.100, )",
          "FSharp.Data": "[6.4.1, )",
          "FSharp.SystemTextJson": "[1.3.13, )",
          "Microsoft.EntityFrameworkCore": "[9.0.0, )"
        }
      }
    }
  }
}